
Microsoft Visual Studio Solution File, Format Version 12.00
# Visual Studio 15
VisualStudioVersion = 15.0.27130.2027
MinimumVisualStudioVersion = 10.0.40219.1
Project("{FAE04EC0-301F-11D3-BF4B-00C04F79EFBC}") = "TestSocketSendProtobufToJavaNettyServer", "TestSocketSendProtobufToJavaNettyServer\TestSocketSendProtobufToJavaNettyServer.csproj", "{12CA982D-718E-4123-8DAF-7B27384297D2}"
EndProject
Project("{FAE04EC0-301F-11D3-BF4B-00C04F79EFBC}") = "ConsoleApp1", "ConsoleApp1\ConsoleApp1.csproj", "{94655E23-941A-45FE-B29D-B561FD9B7734}"
EndProject
Project("{FAE04EC0-301F-11D3-BF4B-00C04F79EFBC}") = "NettyClient", "NettyClient\NettyClient.csproj", "{F2B19C95-41B0-4ABE-A45E-B234A128E0E2}"
EndProject
Global
	GlobalSection(SolutionConfigurationPlatforms) = preSolution
		Debug|Any CPU = Debug|Any CPU
		Release|Any CPU = Release|Any CPU
	EndGlobalSection
	GlobalSection(ProjectConfigurationPlatforms) = postSolution
		{12CA982D-718E-4123-8DAF-7B27384297D2}.Debug|Any CPU.ActiveCfg = Debug|Any CPU
		{12CA982D-718E-4123-8DAF-7B27384297D2}.Debug|Any CPU.Build.0 = Debug|Any CPU
		{12CA982D-718E-4123-8DAF-7B27384297D2}.Release|Any CPU.ActiveCfg = Release|Any CPU
		{12CA982D-718E-4123-8DAF-7B27384297D2}.Release|Any CPU.Build.0 = Release|Any CPU
		{94655E23-941A-45FE-B29D-B561FD9B7734}.Debug|Any CPU.ActiveCfg = Debug|Any CPU
		{94655E23-941A-45FE-B29D-B561FD9B7734}.Debug|Any CPU.Build.0 = Debug|Any CPU
		{94655E23-941A-45FE-B29D-B561FD9B7734}.Release|Any CPU.ActiveCfg = Release|Any CPU
		{94655E23-941A-45FE-B29D-B561FD9B7734}.Release|Any CPU.Build.0 = Release|Any CPU
		{F2B19C95-41B0-4ABE-A45E-B234A128E0E2}.Debug|Any CPU.ActiveCfg = Debug|Any CPU
		{F2B19C95-41B0-4ABE-A45E-B234A128E0E2}.Debug|Any CPU.Build.0 = Debug|Any CPU
		{F2B19C95-41B0-4ABE-A45E-B234A128E0E2}.Release|Any CPU.ActiveCfg = Release|Any CPU
		{F2B19C95-41B0-4ABE-A45E-B234A128E0E2}.Release|Any CPU.Build.0 = Release|Any CPU
	EndGlobalSection
	GlobalSection(SolutionProperties) = preSolution
		HideSolutionNode = FALSE
	EndGlobalSection
	GlobalSection(ExtensibilityGlobals) = postSolution
		SolutionGuid = {A0AB1709-D9A9-4E70-9971-991200772F03}
	EndGlobalSection
EndGlobal
